// !$*UTF8*$!
{
	archiveVersion = 1;
	classes = {
	};
	objectVersion = 45;
	objects = {

/* Begin PBXBuildFile section */
		7A1C8CA911D7493F0012550B /* libportsf.a in Frameworks */ = {isa = PBXBuildFile; fileRef = 7A1C8CA811D7493F0012550B /* libportsf.a */; };
		7A87F91C1051014F00269AEE /* breakpoints.c in Sources */ = {isa = PBXBuildFile; fileRef = 7A87F91A1051014F00269AEE /* breakpoints.c */; };
		7A87F91D1051014F00269AEE /* wave.c in Sources */ = {isa = PBXBuildFile; fileRef = 7A87F91B1051014F00269AEE /* wave.c */; };
		8DD76FAC0486AB0100D96B5E /* main.c in Sources */ = {isa = PBXBuildFile; fileRef = 08FB7796FE84155DC02AAC07 /* main.c */; settings = {ATTRIBUTES = (); }; };
		8DD76FB00486AB0100D96B5E /* siggen.1 in CopyFiles */ = {isa = PBXBuildFile; fileRef = C6A0FF2C0290799A04C91782 /* siggen.1 */; };
/* End PBXBuildFile section */

/* Begin PBXCopyFilesBuildPhase section */
		8DD76FAF0486AB0100D96B5E /* CopyFiles */ = {
			isa = PBXCopyFilesBuildPhase;
			buildActionMask = 8;
			dstPath = /usr/share/man/man1/;
			dstSubfolderSpec = 0;
			files = (
				8DD76FB00486AB0100D96B5E /* siggen.1 in CopyFiles */,
			);
			runOnlyForDeploymentPostprocessing = 1;
		};
/* End PBXCopyFilesBuildPhase section */

/* Begin PBXFileReference section */
		08FB7796FE84155DC02AAC07 /* main.c */ = {isa = PBXFileReference; fileEncoding = 4; lastKnownFileType = sourcecode.c.c; path = main.c; sourceTree = "<group>"; };
		7A1C8CA711D7493C0012550B /* portsf.h */ = {isa = PBXFileReference; fileEncoding = 4; lastKnownFileType = sourcecode.c.h; name = portsf.h; path = ../common/include/portsf.h; sourceTree = SOURCE_ROOT; };
		7A1C8CA811D7493F0012550B /* libportsf.a */ = {isa = PBXFileReference; lastKnownFileType = archive.ar; name = libportsf.a; path = ../common/lib/libportsf.a; sourceTree = SOURCE_ROOT; };
		7A87F9181051014F00269AEE /* breakpoints.h */ = {isa = PBXFileReference; fileEncoding = 4; lastKnownFileType = sourcecode.c.h; name = breakpoints.h; path = ../common/include/breakpoints.h; sourceTree = SOURCE_ROOT; };
		7A87F9191051014F00269AEE /* wave.h */ = {isa = PBXFileReference; fileEncoding = 4; lastKnownFileType = sourcecode.c.h; name = wave.h; path = ../common/include/wave.h; sourceTree = SOURCE_ROOT; };
		7A87F91A1051014F00269AEE /* breakpoints.c */ = {isa = PBXFileReference; fileEncoding = 4; lastKnownFileType = sourcecode.c.c; name = breakpoints.c; path = ../common/sources/breakpoints.c; sourceTree = SOURCE_ROOT; };
		7A87F91B1051014F00269AEE /* wave.c */ = {isa = PBXFileReference; fileEncoding = 4; lastKnownFileType = sourcecode.c.c; name = wave.c; path = ../common/sources/wave.c; sourceTree = SOURCE_ROOT; };
		8DD76FB20486AB0100D96B5E /* siggen */ = {isa = PBXFileReference; explicitFileType = "compiled.mach-o.executable"; includeInIndex = 0; path = siggen; sourceTree = BUILT_PRODUCTS_DIR; };
		C6A0FF2C0290799A04C91782 /* siggen.1 */ = {isa = PBXFileReference; lastKnownFileType = text.man; path = siggen.1; sourceTree = "<group>"; };
/* End PBXFileReference section */

/* Begin PBXFrameworksBuildPhase section */
		8DD76FAD0486AB0100D96B5E /* Frameworks */ = {
			isa = PBXFrameworksBuildPhase;
			buildActionMask = 2147483647;
			files = (
				7A1C8CA911D7493F0012550B /* libportsf.a in Frameworks */,
			);
			runOnlyForDeploymentPostprocessing = 0;
		};
/* End PBXFrameworksBuildPhase section */

/* Begin PBXGroup section */
		08FB7794FE84155DC02AAC07 /* siggen */ = {
			isa = PBXGroup;
			children = (
				08FB7795FE84155DC02AAC07 /* Source */,
				7A87F91F1051016100269AEE /* portsf */,
				C6A0FF2B0290797F04C91782 /* Documentation */,
				1AB674ADFE9D54B511CA2CBB /* Products */,
			);
			name = siggen;
			sourceTree = "<group>";
		};
		08FB7795FE84155DC02AAC07 /* Source */ = {
			isa = PBXGroup;
			children = (
				08FB7796FE84155DC02AAC07 /* main.c */,
				7A87F9191051014F00269AEE /* wave.h */,
				7A87F91B1051014F00269AEE /* wave.c */,
				7A87F9181051014F00269AEE /* breakpoints.h */,
				7A87F91A1051014F00269AEE /* breakpoints.c */,
			);
			name = Source;
			sourceTree = "<group>";
		};
		1AB674ADFE9D54B511CA2CBB /* Products */ = {
			isa = PBXGroup;
			children = (
				8DD76FB20486AB0100D96B5E /* siggen */,
			);
			name = Products;
			sourceTree = "<group>";
		};
		7A87F91F1051016100269AEE /* portsf */ = {
			isa = PBXGroup;
			children = (
				7A1C8CA711D7493C0012550B /* portsf.h */,
				7A1C8CA811D7493F0012550B /* libportsf.a */,
			);
			name = portsf;
			sourceTree = "<group>";
		};
		C6A0FF2B0290797F04C91782 /* Documentation */ = {
			isa = PBXGroup;
			children = (
				C6A0FF2C0290799A04C91782 /* siggen.1 */,
			);
			name = Documentation;
			sourceTree = "<group>";
		};
/* End PBXGroup section */

/* Begin PBXNativeTarget section */
		8DD76FA90486AB0100D96B5E /* siggen */ = {
			isa = PBXNativeTarget;
			buildConfigurationList = 1DEB928508733DD80010E9CD /* Build configuration list for PBXNativeTarget "siggen" */;
			buildPhases = (
				8DD76FAB0486AB0100D96B5E /* Sources */,
				8DD76FAD0486AB0100D96B5E /* Frameworks */,
				8DD76FAF0486AB0100D96B5E /* CopyFiles */,
			);
			buildRules = (
			);
			dependencies = (
			);
			name = siggen;
			productInstallPath = "$(HOME)/bin";
			productName = siggen;
			productReference = 8DD76FB20486AB0100D96B5E /* siggen */;
			productType = "com.apple.product-type.tool";
		};
/* End PBXNativeTarget section */

/* Begin PBXProject section */
		08FB7793FE84155DC02AAC07 /* Project object */ = {
			isa = PBXProject;
			buildConfigurationList = 1DEB928908733DD80010E9CD /* Build configuration list for PBXProject "siggen" */;
			compatibilityVersion = "Xcode 3.1";
			hasScannedForEncodings = 1;
			mainGroup = 08FB7794FE84155DC02AAC07 /* siggen */;
			projectDirPath = "";
			projectRoot = "";
			targets = (
				8DD76FA90486AB0100D96B5E /* siggen */,
			);
		};
/* End PBXProject section */

/* Begin PBXSourcesBuildPhase section */
		8DD76FAB0486AB0100D96B5E /* Sources */ = {
			isa = PBXSourcesBuildPhase;
			buildActionMask = 2147483647;
			files = (
				8DD76FAC0486AB0100D96B5E /* main.c in Sources */,
				7A87F91C1051014F00269AEE /* breakpoints.c in Sources */,
				7A87F91D1051014F00269AEE /* wave.c in Sources */,
			);
			runOnlyForDeploymentPostprocessing = 0;
		};
/* End PBXSourcesBuildPhase section */

/* Begin XCBuildConfiguration section */
		1DEB928608733DD80010E9CD /* Debug */ = {
			isa = XCBuildConfiguration;
			buildSettings = {
				ALWAYS_SEARCH_USER_PATHS = NO;
				ARCHS = "$(NATIVE_ARCH_ACTUAL)";
				COPY_PHASE_STRIP = NO;
				GCC_DYNAMIC_NO_PIC = NO;
				GCC_ENABLE_FIX_AND_CONTINUE = YES;
				GCC_MODEL_TUNING = G5;
				GCC_OPTIMIZATION_LEVEL = 0;
				HEADER_SEARCH_PATHS = ../common/include;
				INSTALL_PATH = /usr/local/bin;
				LIBRARY_SEARCH_PATHS = (
					"$(inherited)",
					"\"$(SRCROOT)/../common/lib\"",
				);
				ONLY_ACTIVE_ARCH = YES;
				PRODUCT_NAME = siggen;
				SDKROOT = "";
			};
			name = Debug;
		};
		1DEB928708733DD80010E9CD /* Release */ = {
			isa = XCBuildConfiguration;
			buildSettings = {
				ALWAYS_SEARCH_USER_PATHS = NO;
				ARCHS = "$(NATIVE_ARCH_ACTUAL)";
				DEBUG_INFORMATION_FORMAT = "dwarf-with-dsym";
				GCC_MODEL_TUNING = G5;
				HEADER_SEARCH_PATHS = ../common/include;
				INSTALL_PATH = /usr/local/bin;
				LIBRARY_SEARCH_PATHS = (
					"$(inherited)",
					"\"$(SRCROOT)/../common/lib\"",
				);
				ONLY_ACTIVE_ARCH = YES;
				PRODUCT_NAME = siggen;
				SDKROOT = "";
			};
			name = Release;
		};
		1DEB928A08733DD80010E9CD /* Debug */ = {
			isa = XCBuildConfiguration;
			buildSettings = {
				ARCHS = "$(ARCHS_STANDARD_32_BIT)";
				GCC_C_LANGUAGE_STANDARD = c99;
				GCC_OPTIMIZATION_LEVEL = 0;
				GCC_WARN_ABOUT_RETURN_TYPE = YES;
				GCC_WARN_UNUSED_VARIABLE = YES;
				HEADER_SEARCH_PATHS = "../common/**";
				ONLY_ACTIVE_ARCH = YES;
				PREBINDING = NO;
				SDKROOT = macosx10.5;
			};
			name = Debug;
		};
		1DEB928B08733DD80010E9CD /* Release */ = {
			isa = XCBuildConfiguration;
			buildSettings = {
				ARCHS = "$(ARCHS_STANDARD_32_BIT)";
				GCC_C_LANGUAGE_STANDARD = c99;
				GCC_WARN_ABOUT_RETURN_TYPE = YES;
				GCC_WARN_UNUSED_VARIABLE = YES;
				HEADER_SEARCH_PATHS = "../common/**";
				PREBINDING = NO;
				SDKROOT = macosx10.5;
			};
			name = Release;
		};
/* End XCBuildConfiguration section */

/* Begin XCConfigurationList section */
		1DEB928508733DD80010E9CD /* Build configuration list for PBXNativeTarget "siggen" */ = {
			isa = XCConfigurationList;
			buildConfigurations = (
				1DEB928608733DD80010E9CD /* Debug */,
				1DEB928708733DD80010E9CD /* Release */,
			);
			defaultConfigurationIsVisible = 0;
			defaultConfigurationName = Release;
		};
		1DEB928908733DD80010E9CD /* Build configuration list for PBXProject "siggen" */ = {
			isa = XCConfigurationList;
			buildConfigurations = (
				1DEB928A08733DD80010E9CD /* Debug */,
				1DEB928B08733DD80010E9CD /* Release */,
			);
			defaultConfigurationIsVisible = 0;
			defaultConfigurationName = Release;
		};
/* End XCConfigurationList section */
	};
	rootObject = 08FB7793FE84155DC02AAC07 /* Project object */;
}
