// !$*UTF8*$!
{
	archiveVersion = 1;
	classes = {
	};
	objectVersion = 42;
	objects = {

/* Begin PBXBuildFile section */
		7A1C8BE811D743240012550B /* libportsf.a in Frameworks */ = {isa = PBXBuildFile; fileRef = 7A1C8BE611D743240012550B /* libportsf.a */; };
		7A771DE90D817C1200887950 /* CLogisticOsc.cp in Sources */ = {isa = PBXBuildFile; fileRef = 7A771DE80D817C1200887950 /* CLogisticOsc.cp */; };
		7A771DF00D8185DA00887950 /* CLogisticMap.cpp in Sources */ = {isa = PBXBuildFile; fileRef = 7A771DEF0D8185DA00887950 /* CLogisticMap.cpp */; };
		7A771E060D82349200887950 /* CLogisticOscSimpleTest.cpp in Sources */ = {isa = PBXBuildFile; fileRef = 7A771E050D82349200887950 /* CLogisticOscSimpleTest.cpp */; };
		8DD76F650486A84900D96B5E /* main.cpp in Sources */ = {isa = PBXBuildFile; fileRef = 08FB7796FE84155DC02AAC07 /* main.cpp */; settings = {ATTRIBUTES = (); }; };
/* End PBXBuildFile section */

/* Begin PBXCopyFilesBuildPhase section */
		8DD76F690486A84900D96B5E /* CopyFiles */ = {
			isa = PBXCopyFilesBuildPhase;
			buildActionMask = 8;
			dstPath = /usr/share/man/man1/;
			dstSubfolderSpec = 0;
			files = (
			);
			runOnlyForDeploymentPostprocessing = 1;
		};
/* End PBXCopyFilesBuildPhase section */

/* Begin PBXFileReference section */
		08FB7796FE84155DC02AAC07 /* main.cpp */ = {isa = PBXFileReference; fileEncoding = 4; lastKnownFileType = sourcecode.cpp.cpp; path = main.cpp; sourceTree = "<group>"; };
		7A1C8BE611D743240012550B /* libportsf.a */ = {isa = PBXFileReference; lastKnownFileType = archive.ar; name = libportsf.a; path = portsf/libportsf.a; sourceTree = "<group>"; };
		7A1C8BE711D743240012550B /* portsf.h */ = {isa = PBXFileReference; fileEncoding = 4; lastKnownFileType = sourcecode.c.h; name = portsf.h; path = portsf/portsf.h; sourceTree = "<group>"; };
		7A771DE70D817C1200887950 /* CLogisticOsc.h */ = {isa = PBXFileReference; fileEncoding = 4; lastKnownFileType = sourcecode.c.h; path = CLogisticOsc.h; sourceTree = "<group>"; };
		7A771DE80D817C1200887950 /* CLogisticOsc.cp */ = {isa = PBXFileReference; fileEncoding = 4; lastKnownFileType = sourcecode.cpp.cpp; path = CLogisticOsc.cp; sourceTree = "<group>"; };
		7A771DEE0D8185DA00887950 /* CLogisticMap.h */ = {isa = PBXFileReference; fileEncoding = 4; lastKnownFileType = sourcecode.c.h; path = CLogisticMap.h; sourceTree = "<group>"; };
		7A771DEF0D8185DA00887950 /* CLogisticMap.cpp */ = {isa = PBXFileReference; fileEncoding = 4; lastKnownFileType = sourcecode.cpp.cpp; path = CLogisticMap.cpp; sourceTree = "<group>"; };
		7A771E040D82349200887950 /* CLogisticOscSimpleTest.h */ = {isa = PBXFileReference; fileEncoding = 4; lastKnownFileType = sourcecode.c.h; path = CLogisticOscSimpleTest.h; sourceTree = "<group>"; };
		7A771E050D82349200887950 /* CLogisticOscSimpleTest.cpp */ = {isa = PBXFileReference; fileEncoding = 4; lastKnownFileType = sourcecode.cpp.cpp; path = CLogisticOscSimpleTest.cpp; sourceTree = "<group>"; };
		8DD76F6C0486A84900D96B5E /* logisticSynth */ = {isa = PBXFileReference; explicitFileType = "compiled.mach-o.executable"; includeInIndex = 0; path = logisticSynth; sourceTree = BUILT_PRODUCTS_DIR; };
/* End PBXFileReference section */

/* Begin PBXFrameworksBuildPhase section */
		8DD76F660486A84900D96B5E /* Frameworks */ = {
			isa = PBXFrameworksBuildPhase;
			buildActionMask = 2147483647;
			files = (
				7A1C8BE811D743240012550B /* libportsf.a in Frameworks */,
			);
			runOnlyForDeploymentPostprocessing = 0;
		};
/* End PBXFrameworksBuildPhase section */

/* Begin PBXGroup section */
		08FB7794FE84155DC02AAC07 /* logisticSynth */ = {
			isa = PBXGroup;
			children = (
				08FB7795FE84155DC02AAC07 /* Source */,
				C6859E8C029090F304C91782 /* portsf */,
				1AB674ADFE9D54B511CA2CBB /* Products */,
			);
			name = logisticSynth;
			sourceTree = "<group>";
		};
		08FB7795FE84155DC02AAC07 /* Source */ = {
			isa = PBXGroup;
			children = (
				08FB7796FE84155DC02AAC07 /* main.cpp */,
				7A771E040D82349200887950 /* CLogisticOscSimpleTest.h */,
				7A771E050D82349200887950 /* CLogisticOscSimpleTest.cpp */,
				7A771DEE0D8185DA00887950 /* CLogisticMap.h */,
				7A771DEF0D8185DA00887950 /* CLogisticMap.cpp */,
				7A771DE70D817C1200887950 /* CLogisticOsc.h */,
				7A771DE80D817C1200887950 /* CLogisticOsc.cp */,
			);
			name = Source;
			sourceTree = "<group>";
		};
		1AB674ADFE9D54B511CA2CBB /* Products */ = {
			isa = PBXGroup;
			children = (
				8DD76F6C0486A84900D96B5E /* logisticSynth */,
			);
			name = Products;
			sourceTree = "<group>";
		};
		C6859E8C029090F304C91782 /* portsf */ = {
			isa = PBXGroup;
			children = (
				7A1C8BE611D743240012550B /* libportsf.a */,
				7A1C8BE711D743240012550B /* portsf.h */,
			);
			name = portsf;
			sourceTree = "<group>";
		};
/* End PBXGroup section */

/* Begin PBXNativeTarget section */
		8DD76F620486A84900D96B5E /* logisticSynth */ = {
			isa = PBXNativeTarget;
			buildConfigurationList = 1DEB923108733DC60010E9CD /* Build configuration list for PBXNativeTarget "logisticSynth" */;
			buildPhases = (
				8DD76F640486A84900D96B5E /* Sources */,
				8DD76F660486A84900D96B5E /* Frameworks */,
				8DD76F690486A84900D96B5E /* CopyFiles */,
			);
			buildRules = (
			);
			dependencies = (
			);
			name = logisticSynth;
			productInstallPath = "$(HOME)/bin";
			productName = logisticSynth;
			productReference = 8DD76F6C0486A84900D96B5E /* logisticSynth */;
			productType = "com.apple.product-type.tool";
		};
/* End PBXNativeTarget section */

/* Begin PBXProject section */
		08FB7793FE84155DC02AAC07 /* Project object */ = {
			isa = PBXProject;
			buildConfigurationList = 1DEB923508733DC60010E9CD /* Build configuration list for PBXProject "logisticSynth" */;
			compatibilityVersion = "Xcode 2.4";
			hasScannedForEncodings = 1;
			mainGroup = 08FB7794FE84155DC02AAC07 /* logisticSynth */;
			projectDirPath = "";
			projectRoot = "";
			targets = (
				8DD76F620486A84900D96B5E /* logisticSynth */,
			);
		};
/* End PBXProject section */

/* Begin PBXSourcesBuildPhase section */
		8DD76F640486A84900D96B5E /* Sources */ = {
			isa = PBXSourcesBuildPhase;
			buildActionMask = 2147483647;
			files = (
				8DD76F650486A84900D96B5E /* main.cpp in Sources */,
				7A771DE90D817C1200887950 /* CLogisticOsc.cp in Sources */,
				7A771DF00D8185DA00887950 /* CLogisticMap.cpp in Sources */,
				7A771E060D82349200887950 /* CLogisticOscSimpleTest.cpp in Sources */,
			);
			runOnlyForDeploymentPostprocessing = 0;
		};
/* End PBXSourcesBuildPhase section */

/* Begin XCBuildConfiguration section */
		1DEB923208733DC60010E9CD /* Debug */ = {
			isa = XCBuildConfiguration;
			buildSettings = {
				COPY_PHASE_STRIP = NO;
				GCC_DYNAMIC_NO_PIC = NO;
				GCC_ENABLE_FIX_AND_CONTINUE = YES;
				GCC_MODEL_TUNING = G5;
				GCC_OPTIMIZATION_LEVEL = 0;
				GCC_PREPROCESSOR_DEFINITIONS = "";
				INSTALL_PATH = /usr/local/bin;
				LIBRARY_SEARCH_PATHS = "\"$(SRCROOT)/portsf\"";
				PRODUCT_NAME = logisticSynth;
			};
			name = Debug;
		};
		1DEB923308733DC60010E9CD /* Release */ = {
			isa = XCBuildConfiguration;
			buildSettings = {
				DEBUG_INFORMATION_FORMAT = "dwarf-with-dsym";
				GCC_MODEL_TUNING = G5;
				INSTALL_PATH = /usr/local/bin;
				LIBRARY_SEARCH_PATHS = "\"$(SRCROOT)/portsf\"";
				PRODUCT_NAME = logisticSynth;
			};
			name = Release;
		};
		1DEB923608733DC60010E9CD /* Debug */ = {
			isa = XCBuildConfiguration;
			buildSettings = {
				GCC_WARN_ABOUT_RETURN_TYPE = YES;
				GCC_WARN_UNUSED_VARIABLE = YES;
				PREBINDING = NO;
			};
			name = Debug;
		};
		1DEB923708733DC60010E9CD /* Release */ = {
			isa = XCBuildConfiguration;
			buildSettings = {
				ARCHS = "$(NATIVE_ARCH)";
				GCC_WARN_ABOUT_RETURN_TYPE = YES;
				GCC_WARN_UNUSED_VARIABLE = YES;
				PREBINDING = NO;
			};
			name = Release;
		};
/* End XCBuildConfiguration section */

/* Begin XCConfigurationList section */
		1DEB923108733DC60010E9CD /* Build configuration list for PBXNativeTarget "logisticSynth" */ = {
			isa = XCConfigurationList;
			buildConfigurations = (
				1DEB923208733DC60010E9CD /* Debug */,
				1DEB923308733DC60010E9CD /* Release */,
			);
			defaultConfigurationIsVisible = 0;
			defaultConfigurationName = Release;
		};
		1DEB923508733DC60010E9CD /* Build configuration list for PBXProject "logisticSynth" */ = {
			isa = XCConfigurationList;
			buildConfigurations = (
				1DEB923608733DC60010E9CD /* Debug */,
				1DEB923708733DC60010E9CD /* Release */,
			);
			defaultConfigurationIsVisible = 0;
			defaultConfigurationName = Release;
		};
/* End XCConfigurationList section */
	};
	rootObject = 08FB7793FE84155DC02AAC07 /* Project object */;
}
