// !$*UTF8*$!
{
	archiveVersion = 1;
	classes = {
	};
	objectVersion = 45;
	objects = {

/* Begin PBXBuildFile section */
		8D11072B0486CEB800E47090 /* InfoPlist.strings in Resources */ = {isa = PBXBuildFile; fileRef = 089C165CFE840E0CC02AAC07 /* InfoPlist.strings */; };
		8D11072D0486CEB800E47090 /* main.m in Sources */ = {isa = PBXBuildFile; fileRef = 29B97316FDCFA39411CA2CEA /* main.m */; settings = {ATTRIBUTES = (); }; };
		8D11072F0486CEB800E47090 /* Cocoa.framework in Frameworks */ = {isa = PBXBuildFile; fileRef = 1058C7A1FEA54F0111CA2CBB /* Cocoa.framework */; };
		9FC26CAC11E11E1A0012BAAE /* SpectralView.mm in Sources */ = {isa = PBXBuildFile; fileRef = 9FC26CA411E11E1A0012BAAE /* SpectralView.mm */; };
		9FC26CAD11E11E1A0012BAAE /* WaveformView.mm in Sources */ = {isa = PBXBuildFile; fileRef = 9FC26CA611E11E1A0012BAAE /* WaveformView.mm */; };
		9FC26CAE11E11E1A0012BAAE /* AUEditorView.m in Sources */ = {isa = PBXBuildFile; fileRef = 9FC26CA811E11E1A0012BAAE /* AUEditorView.m */; };
		9FC26CAF11E11E1A0012BAAE /* AudioFilePlayer.mm in Sources */ = {isa = PBXBuildFile; fileRef = 9FC26CAA11E11E1A0012BAAE /* AudioFilePlayer.mm */; };
		9FC26CB811E11E670012BAAE /* CAComponent.cpp in Sources */ = {isa = PBXBuildFile; fileRef = 9FC26CB211E11E670012BAAE /* CAComponent.cpp */; };
		9FC26CB911E11E670012BAAE /* CAComponentDescription.cpp in Sources */ = {isa = PBXBuildFile; fileRef = 9FC26CB411E11E670012BAAE /* CAComponentDescription.cpp */; };
		9FC26CBA11E11E670012BAAE /* CAStreamBasicDescription.cpp in Sources */ = {isa = PBXBuildFile; fileRef = 9FC26CB611E11E670012BAAE /* CAStreamBasicDescription.cpp */; };
		9FC26CC511E11E9F0012BAAE /* Accelerate.framework in Frameworks */ = {isa = PBXBuildFile; fileRef = 9FC26CC411E11E9F0012BAAE /* Accelerate.framework */; };
		9FC26CC711E11E9F0012BAAE /* AudioToolbox.framework in Frameworks */ = {isa = PBXBuildFile; fileRef = 9FC26CC611E11E9F0012BAAE /* AudioToolbox.framework */; };
		9FC26CC911E11E9F0012BAAE /* AudioUnit.framework in Frameworks */ = {isa = PBXBuildFile; fileRef = 9FC26CC811E11E9F0012BAAE /* AudioUnit.framework */; };
		9FC26CCB11E11E9F0012BAAE /* CoreAudioKit.framework in Frameworks */ = {isa = PBXBuildFile; fileRef = 9FC26CCA11E11E9F0012BAAE /* CoreAudioKit.framework */; };
		9FC26CD711E11EF60012BAAE /* MainMenu.xib in Resources */ = {isa = PBXBuildFile; fileRef = 9FC26CD511E11EF60012BAAE /* MainMenu.xib */; };
/* End PBXBuildFile section */

/* Begin PBXFileReference section */
		089C165DFE840E0CC02AAC07 /* English */ = {isa = PBXFileReference; fileEncoding = 4; lastKnownFileType = text.plist.strings; name = English; path = English.lproj/InfoPlist.strings; sourceTree = "<group>"; };
		1058C7A1FEA54F0111CA2CBB /* Cocoa.framework */ = {isa = PBXFileReference; lastKnownFileType = wrapper.framework; name = Cocoa.framework; path = /System/Library/Frameworks/Cocoa.framework; sourceTree = "<absolute>"; };
		13E42FB307B3F0F600E4EEF1 /* CoreData.framework */ = {isa = PBXFileReference; lastKnownFileType = wrapper.framework; name = CoreData.framework; path = /System/Library/Frameworks/CoreData.framework; sourceTree = "<absolute>"; };
		256AC3F00F4B6AF500CF3369 /* AudioFilePlayer_Prefix.pch */ = {isa = PBXFileReference; fileEncoding = 4; lastKnownFileType = sourcecode.c.h; path = AudioFilePlayer_Prefix.pch; sourceTree = "<group>"; };
		29B97316FDCFA39411CA2CEA /* main.m */ = {isa = PBXFileReference; fileEncoding = 4; lastKnownFileType = sourcecode.c.objc; path = main.m; sourceTree = "<group>"; };
		29B97324FDCFA39411CA2CEA /* AppKit.framework */ = {isa = PBXFileReference; lastKnownFileType = wrapper.framework; name = AppKit.framework; path = /System/Library/Frameworks/AppKit.framework; sourceTree = "<absolute>"; };
		29B97325FDCFA39411CA2CEA /* Foundation.framework */ = {isa = PBXFileReference; lastKnownFileType = wrapper.framework; name = Foundation.framework; path = /System/Library/Frameworks/Foundation.framework; sourceTree = "<absolute>"; };
		8D1107310486CEB800E47090 /* AudioFilePlayer-Info.plist */ = {isa = PBXFileReference; fileEncoding = 4; lastKnownFileType = text.plist.xml; path = "AudioFilePlayer-Info.plist"; sourceTree = "<group>"; };
		8D1107320486CEB800E47090 /* AudioFilePlayer.app */ = {isa = PBXFileReference; explicitFileType = wrapper.application; includeInIndex = 0; path = AudioFilePlayer.app; sourceTree = BUILT_PRODUCTS_DIR; };
		9FC26CA311E11E1A0012BAAE /* SpectralView.h */ = {isa = PBXFileReference; fileEncoding = 4; lastKnownFileType = sourcecode.c.h; path = SpectralView.h; sourceTree = "<group>"; };
		9FC26CA411E11E1A0012BAAE /* SpectralView.mm */ = {isa = PBXFileReference; fileEncoding = 4; lastKnownFileType = sourcecode.cpp.objcpp; path = SpectralView.mm; sourceTree = "<group>"; };
		9FC26CA511E11E1A0012BAAE /* WaveformView.h */ = {isa = PBXFileReference; fileEncoding = 4; lastKnownFileType = sourcecode.c.h; path = WaveformView.h; sourceTree = "<group>"; };
		9FC26CA611E11E1A0012BAAE /* WaveformView.mm */ = {isa = PBXFileReference; fileEncoding = 4; lastKnownFileType = sourcecode.cpp.objcpp; path = WaveformView.mm; sourceTree = "<group>"; };
		9FC26CA711E11E1A0012BAAE /* AUEditorView.h */ = {isa = PBXFileReference; fileEncoding = 4; lastKnownFileType = sourcecode.c.h; path = AUEditorView.h; sourceTree = "<group>"; };
		9FC26CA811E11E1A0012BAAE /* AUEditorView.m */ = {isa = PBXFileReference; fileEncoding = 4; lastKnownFileType = sourcecode.c.objc; path = AUEditorView.m; sourceTree = "<group>"; };
		9FC26CA911E11E1A0012BAAE /* AudioFilePlayer.h */ = {isa = PBXFileReference; fileEncoding = 4; lastKnownFileType = sourcecode.c.h; path = AudioFilePlayer.h; sourceTree = "<group>"; };
		9FC26CAA11E11E1A0012BAAE /* AudioFilePlayer.mm */ = {isa = PBXFileReference; fileEncoding = 4; lastKnownFileType = sourcecode.cpp.objcpp; path = AudioFilePlayer.mm; sourceTree = "<group>"; };
		9FC26CAB11E11E1A0012BAAE /* AFP_DebugMacros.h */ = {isa = PBXFileReference; fileEncoding = 4; lastKnownFileType = sourcecode.c.h; path = AFP_DebugMacros.h; sourceTree = "<group>"; };
		9FC26CB211E11E670012BAAE /* CAComponent.cpp */ = {isa = PBXFileReference; fileEncoding = 4; lastKnownFileType = sourcecode.cpp.cpp; name = CAComponent.cpp; path = Extras/CoreAudio/PublicUtility/CAComponent.cpp; sourceTree = DEVELOPER_DIR; };
		9FC26CB311E11E670012BAAE /* CAComponent.h */ = {isa = PBXFileReference; fileEncoding = 4; lastKnownFileType = sourcecode.c.h; name = CAComponent.h; path = Extras/CoreAudio/PublicUtility/CAComponent.h; sourceTree = DEVELOPER_DIR; };
		9FC26CB411E11E670012BAAE /* CAComponentDescription.cpp */ = {isa = PBXFileReference; fileEncoding = 4; lastKnownFileType = sourcecode.cpp.cpp; name = CAComponentDescription.cpp; path = Extras/CoreAudio/PublicUtility/CAComponentDescription.cpp; sourceTree = DEVELOPER_DIR; };
		9FC26CB511E11E670012BAAE /* CAComponentDescription.h */ = {isa = PBXFileReference; fileEncoding = 4; lastKnownFileType = sourcecode.c.h; name = CAComponentDescription.h; path = Extras/CoreAudio/PublicUtility/CAComponentDescription.h; sourceTree = DEVELOPER_DIR; };
		9FC26CB611E11E670012BAAE /* CAStreamBasicDescription.cpp */ = {isa = PBXFileReference; fileEncoding = 4; lastKnownFileType = sourcecode.cpp.cpp; name = CAStreamBasicDescription.cpp; path = Extras/CoreAudio/PublicUtility/CAStreamBasicDescription.cpp; sourceTree = DEVELOPER_DIR; };
		9FC26CB711E11E670012BAAE /* CAStreamBasicDescription.h */ = {isa = PBXFileReference; fileEncoding = 4; lastKnownFileType = sourcecode.c.h; name = CAStreamBasicDescription.h; path = Extras/CoreAudio/PublicUtility/CAStreamBasicDescription.h; sourceTree = DEVELOPER_DIR; };
		9FC26CC411E11E9F0012BAAE /* Accelerate.framework */ = {isa = PBXFileReference; lastKnownFileType = wrapper.framework; name = Accelerate.framework; path = System/Library/Frameworks/Accelerate.framework; sourceTree = SDKROOT; };
		9FC26CC611E11E9F0012BAAE /* AudioToolbox.framework */ = {isa = PBXFileReference; lastKnownFileType = wrapper.framework; name = AudioToolbox.framework; path = System/Library/Frameworks/AudioToolbox.framework; sourceTree = SDKROOT; };
		9FC26CC811E11E9F0012BAAE /* AudioUnit.framework */ = {isa = PBXFileReference; lastKnownFileType = wrapper.framework; name = AudioUnit.framework; path = System/Library/Frameworks/AudioUnit.framework; sourceTree = SDKROOT; };
		9FC26CCA11E11E9F0012BAAE /* CoreAudioKit.framework */ = {isa = PBXFileReference; lastKnownFileType = wrapper.framework; name = CoreAudioKit.framework; path = System/Library/Frameworks/CoreAudioKit.framework; sourceTree = SDKROOT; };
		9FC26CD611E11EF60012BAAE /* English */ = {isa = PBXFileReference; lastKnownFileType = file.xib; name = English; path = English.lproj/MainMenu.xib; sourceTree = "<group>"; };
/* End PBXFileReference section */

/* Begin PBXFrameworksBuildPhase section */
		8D11072E0486CEB800E47090 /* Frameworks */ = {
			isa = PBXFrameworksBuildPhase;
			buildActionMask = 2147483647;
			files = (
				8D11072F0486CEB800E47090 /* Cocoa.framework in Frameworks */,
				9FC26CC511E11E9F0012BAAE /* Accelerate.framework in Frameworks */,
				9FC26CC711E11E9F0012BAAE /* AudioToolbox.framework in Frameworks */,
				9FC26CC911E11E9F0012BAAE /* AudioUnit.framework in Frameworks */,
				9FC26CCB11E11E9F0012BAAE /* CoreAudioKit.framework in Frameworks */,
			);
			runOnlyForDeploymentPostprocessing = 0;
		};
/* End PBXFrameworksBuildPhase section */

/* Begin PBXGroup section */
		080E96DDFE201D6D7F000001 /* Classes */ = {
			isa = PBXGroup;
			children = (
				9FC26CA311E11E1A0012BAAE /* SpectralView.h */,
				9FC26CA411E11E1A0012BAAE /* SpectralView.mm */,
				9FC26CA511E11E1A0012BAAE /* WaveformView.h */,
				9FC26CA611E11E1A0012BAAE /* WaveformView.mm */,
				9FC26CA711E11E1A0012BAAE /* AUEditorView.h */,
				9FC26CA811E11E1A0012BAAE /* AUEditorView.m */,
				9FC26CA911E11E1A0012BAAE /* AudioFilePlayer.h */,
				9FC26CAA11E11E1A0012BAAE /* AudioFilePlayer.mm */,
				9FC26CAB11E11E1A0012BAAE /* AFP_DebugMacros.h */,
			);
			name = Classes;
			sourceTree = "<group>";
		};
		1058C7A0FEA54F0111CA2CBB /* Linked Frameworks */ = {
			isa = PBXGroup;
			children = (
				1058C7A1FEA54F0111CA2CBB /* Cocoa.framework */,
				9FC26CC411E11E9F0012BAAE /* Accelerate.framework */,
				9FC26CC611E11E9F0012BAAE /* AudioToolbox.framework */,
				9FC26CC811E11E9F0012BAAE /* AudioUnit.framework */,
				9FC26CCA11E11E9F0012BAAE /* CoreAudioKit.framework */,
			);
			name = "Linked Frameworks";
			sourceTree = "<group>";
		};
		1058C7A2FEA54F0111CA2CBB /* Other Frameworks */ = {
			isa = PBXGroup;
			children = (
				29B97324FDCFA39411CA2CEA /* AppKit.framework */,
				13E42FB307B3F0F600E4EEF1 /* CoreData.framework */,
				29B97325FDCFA39411CA2CEA /* Foundation.framework */,
			);
			name = "Other Frameworks";
			sourceTree = "<group>";
		};
		19C28FACFE9D520D11CA2CBB /* Products */ = {
			isa = PBXGroup;
			children = (
				8D1107320486CEB800E47090 /* AudioFilePlayer.app */,
			);
			name = Products;
			sourceTree = "<group>";
		};
		29B97314FDCFA39411CA2CEA /* AudioFilePlayer */ = {
			isa = PBXGroup;
			children = (
				9FC26CB111E11E240012BAAE /* Public Utilities */,
				080E96DDFE201D6D7F000001 /* Classes */,
				29B97315FDCFA39411CA2CEA /* Other Sources */,
				29B97317FDCFA39411CA2CEA /* Resources */,
				29B97323FDCFA39411CA2CEA /* Frameworks */,
				19C28FACFE9D520D11CA2CBB /* Products */,
			);
			name = AudioFilePlayer;
			sourceTree = "<group>";
		};
		29B97315FDCFA39411CA2CEA /* Other Sources */ = {
			isa = PBXGroup;
			children = (
				256AC3F00F4B6AF500CF3369 /* AudioFilePlayer_Prefix.pch */,
				29B97316FDCFA39411CA2CEA /* main.m */,
			);
			name = "Other Sources";
			sourceTree = "<group>";
		};
		29B97317FDCFA39411CA2CEA /* Resources */ = {
			isa = PBXGroup;
			children = (
				9FC26CD511E11EF60012BAAE /* MainMenu.xib */,
				8D1107310486CEB800E47090 /* AudioFilePlayer-Info.plist */,
				089C165CFE840E0CC02AAC07 /* InfoPlist.strings */,
			);
			name = Resources;
			sourceTree = "<group>";
		};
		29B97323FDCFA39411CA2CEA /* Frameworks */ = {
			isa = PBXGroup;
			children = (
				1058C7A0FEA54F0111CA2CBB /* Linked Frameworks */,
				1058C7A2FEA54F0111CA2CBB /* Other Frameworks */,
			);
			name = Frameworks;
			sourceTree = "<group>";
		};
		9FC26CB111E11E240012BAAE /* Public Utilities */ = {
			isa = PBXGroup;
			children = (
				9FC26CB211E11E670012BAAE /* CAComponent.cpp */,
				9FC26CB311E11E670012BAAE /* CAComponent.h */,
				9FC26CB411E11E670012BAAE /* CAComponentDescription.cpp */,
				9FC26CB511E11E670012BAAE /* CAComponentDescription.h */,
				9FC26CB611E11E670012BAAE /* CAStreamBasicDescription.cpp */,
				9FC26CB711E11E670012BAAE /* CAStreamBasicDescription.h */,
			);
			name = "Public Utilities";
			sourceTree = "<group>";
		};
/* End PBXGroup section */

/* Begin PBXNativeTarget section */
		8D1107260486CEB800E47090 /* AudioFilePlayer */ = {
			isa = PBXNativeTarget;
			buildConfigurationList = C01FCF4A08A954540054247B /* Build configuration list for PBXNativeTarget "AudioFilePlayer" */;
			buildPhases = (
				8D1107290486CEB800E47090 /* Resources */,
				8D11072C0486CEB800E47090 /* Sources */,
				8D11072E0486CEB800E47090 /* Frameworks */,
			);
			buildRules = (
			);
			dependencies = (
			);
			name = AudioFilePlayer;
			productInstallPath = "$(HOME)/Applications";
			productName = AudioFilePlayer;
			productReference = 8D1107320486CEB800E47090 /* AudioFilePlayer.app */;
			productType = "com.apple.product-type.application";
		};
/* End PBXNativeTarget section */

/* Begin PBXProject section */
		29B97313FDCFA39411CA2CEA /* Project object */ = {
			isa = PBXProject;
			buildConfigurationList = C01FCF4E08A954540054247B /* Build configuration list for PBXProject "AudioFilePlayer" */;
			compatibilityVersion = "Xcode 3.1";
			hasScannedForEncodings = 1;
			mainGroup = 29B97314FDCFA39411CA2CEA /* AudioFilePlayer */;
			projectDirPath = "";
			projectRoot = "";
			targets = (
				8D1107260486CEB800E47090 /* AudioFilePlayer */,
			);
		};
/* End PBXProject section */

/* Begin PBXResourcesBuildPhase section */
		8D1107290486CEB800E47090 /* Resources */ = {
			isa = PBXResourcesBuildPhase;
			buildActionMask = 2147483647;
			files = (
				8D11072B0486CEB800E47090 /* InfoPlist.strings in Resources */,
				9FC26CD711E11EF60012BAAE /* MainMenu.xib in Resources */,
			);
			runOnlyForDeploymentPostprocessing = 0;
		};
/* End PBXResourcesBuildPhase section */

/* Begin PBXSourcesBuildPhase section */
		8D11072C0486CEB800E47090 /* Sources */ = {
			isa = PBXSourcesBuildPhase;
			buildActionMask = 2147483647;
			files = (
				8D11072D0486CEB800E47090 /* main.m in Sources */,
				9FC26CAC11E11E1A0012BAAE /* SpectralView.mm in Sources */,
				9FC26CAD11E11E1A0012BAAE /* WaveformView.mm in Sources */,
				9FC26CAE11E11E1A0012BAAE /* AUEditorView.m in Sources */,
				9FC26CAF11E11E1A0012BAAE /* AudioFilePlayer.mm in Sources */,
				9FC26CB811E11E670012BAAE /* CAComponent.cpp in Sources */,
				9FC26CB911E11E670012BAAE /* CAComponentDescription.cpp in Sources */,
				9FC26CBA11E11E670012BAAE /* CAStreamBasicDescription.cpp in Sources */,
			);
			runOnlyForDeploymentPostprocessing = 0;
		};
/* End PBXSourcesBuildPhase section */

/* Begin PBXVariantGroup section */
		089C165CFE840E0CC02AAC07 /* InfoPlist.strings */ = {
			isa = PBXVariantGroup;
			children = (
				089C165DFE840E0CC02AAC07 /* English */,
			);
			name = InfoPlist.strings;
			sourceTree = "<group>";
		};
		9FC26CD511E11EF60012BAAE /* MainMenu.xib */ = {
			isa = PBXVariantGroup;
			children = (
				9FC26CD611E11EF60012BAAE /* English */,
			);
			name = MainMenu.xib;
			sourceTree = "<group>";
		};
/* End PBXVariantGroup section */

/* Begin XCBuildConfiguration section */
		C01FCF4B08A954540054247B /* Debug */ = {
			isa = XCBuildConfiguration;
			buildSettings = {
				ALWAYS_SEARCH_USER_PATHS = NO;
				COPY_PHASE_STRIP = NO;
				GCC_DYNAMIC_NO_PIC = NO;
				GCC_ENABLE_FIX_AND_CONTINUE = YES;
				GCC_MODEL_TUNING = G5;
				GCC_OPTIMIZATION_LEVEL = 0;
				GCC_PRECOMPILE_PREFIX_HEADER = YES;
				GCC_PREFIX_HEADER = AudioFilePlayer_Prefix.pch;
				INFOPLIST_FILE = "AudioFilePlayer-Info.plist";
				INSTALL_PATH = "$(HOME)/Applications";
				PRODUCT_NAME = AudioFilePlayer;
			};
			name = Debug;
		};
		C01FCF4C08A954540054247B /* Release */ = {
			isa = XCBuildConfiguration;
			buildSettings = {
				ALWAYS_SEARCH_USER_PATHS = NO;
				DEBUG_INFORMATION_FORMAT = "dwarf-with-dsym";
				GCC_MODEL_TUNING = G5;
				GCC_PRECOMPILE_PREFIX_HEADER = YES;
				GCC_PREFIX_HEADER = AudioFilePlayer_Prefix.pch;
				INFOPLIST_FILE = "AudioFilePlayer-Info.plist";
				INSTALL_PATH = "$(HOME)/Applications";
				PRODUCT_NAME = AudioFilePlayer;
			};
			name = Release;
		};
		C01FCF4F08A954540054247B /* Debug */ = {
			isa = XCBuildConfiguration;
			buildSettings = {
				ARCHS = "$(ARCHS_STANDARD_32_64_BIT)";
				GCC_C_LANGUAGE_STANDARD = gnu99;
				GCC_OPTIMIZATION_LEVEL = 0;
				GCC_WARN_ABOUT_RETURN_TYPE = YES;
				GCC_WARN_UNUSED_VARIABLE = YES;
				ONLY_ACTIVE_ARCH = YES;
				PREBINDING = NO;
				SDKROOT = macosx10.6;
			};
			name = Debug;
		};
		C01FCF5008A954540054247B /* Release */ = {
			isa = XCBuildConfiguration;
			buildSettings = {
				ARCHS = "$(ARCHS_STANDARD_32_64_BIT)";
				GCC_C_LANGUAGE_STANDARD = gnu99;
				GCC_WARN_ABOUT_RETURN_TYPE = YES;
				GCC_WARN_UNUSED_VARIABLE = YES;
				PREBINDING = NO;
				SDKROOT = macosx10.6;
			};
			name = Release;
		};
/* End XCBuildConfiguration section */

/* Begin XCConfigurationList section */
		C01FCF4A08A954540054247B /* Build configuration list for PBXNativeTarget "AudioFilePlayer" */ = {
			isa = XCConfigurationList;
			buildConfigurations = (
				C01FCF4B08A954540054247B /* Debug */,
				C01FCF4C08A954540054247B /* Release */,
			);
			defaultConfigurationIsVisible = 0;
			defaultConfigurationName = Release;
		};
		C01FCF4E08A954540054247B /* Build configuration list for PBXProject "AudioFilePlayer" */ = {
			isa = XCConfigurationList;
			buildConfigurations = (
				C01FCF4F08A954540054247B /* Debug */,
				C01FCF5008A954540054247B /* Release */,
			);
			defaultConfigurationIsVisible = 0;
			defaultConfigurationName = Release;
		};
/* End XCConfigurationList section */
	};
	rootObject = 29B97313FDCFA39411CA2CEA /* Project object */;
}
